
Microsoft Visual Studio Solution File, Format Version 12.00
# Visual Studio Version 17
VisualStudioVersion = 17.4.33213.308
MinimumVisualStudioVersion = 10.0.40219.1
Project("{9A19103F-16F7-4668-BE54-9A1E7A4F7556}") = "SocialPost", "SocialPost\SocialPost.csproj", "{04D7F5F7-884D-404A-B90A-634E4831F407}"
EndProject
Project("{9A19103F-16F7-4668-BE54-9A1E7A4F7556}") = "ScheduleService", "SchedulerService\ScheduleService.csproj", "{711D53ED-B6AE-4A14-AA5F-0D9B8ED231B3}"
EndProject
Project("{9A19103F-16F7-4668-BE54-9A1E7A4F7556}") = "AccountsService", "AccountsService\AccountsService.csproj", "{97B8F12F-B072-461C-9258-4723BB1ACEB6}"
EndProject
Global
	GlobalSection(SolutionConfigurationPlatforms) = preSolution
		Debug|Any CPU = Debug|Any CPU
		Release|Any CPU = Release|Any CPU
	EndGlobalSection
	GlobalSection(ProjectConfigurationPlatforms) = postSolution
		{04D7F5F7-884D-404A-B90A-634E4831F407}.Debug|Any CPU.ActiveCfg = Debug|Any CPU
		{04D7F5F7-884D-404A-B90A-634E4831F407}.Debug|Any CPU.Build.0 = Debug|Any CPU
		{04D7F5F7-884D-404A-B90A-634E4831F407}.Release|Any CPU.ActiveCfg = Release|Any CPU
		{04D7F5F7-884D-404A-B90A-634E4831F407}.Release|Any CPU.Build.0 = Release|Any CPU
		{711D53ED-B6AE-4A14-AA5F-0D9B8ED231B3}.Debug|Any CPU.ActiveCfg = Debug|Any CPU
		{711D53ED-B6AE-4A14-AA5F-0D9B8ED231B3}.Debug|Any CPU.Build.0 = Debug|Any CPU
		{711D53ED-B6AE-4A14-AA5F-0D9B8ED231B3}.Release|Any CPU.ActiveCfg = Release|Any CPU
		{711D53ED-B6AE-4A14-AA5F-0D9B8ED231B3}.Release|Any CPU.Build.0 = Release|Any CPU
		{97B8F12F-B072-461C-9258-4723BB1ACEB6}.Debug|Any CPU.ActiveCfg = Debug|Any CPU
		{97B8F12F-B072-461C-9258-4723BB1ACEB6}.Debug|Any CPU.Build.0 = Debug|Any CPU
		{97B8F12F-B072-461C-9258-4723BB1ACEB6}.Release|Any CPU.ActiveCfg = Release|Any CPU
		{97B8F12F-B072-461C-9258-4723BB1ACEB6}.Release|Any CPU.Build.0 = Release|Any CPU
	EndGlobalSection
	GlobalSection(SolutionProperties) = preSolution
		HideSolutionNode = FALSE
	EndGlobalSection
	GlobalSection(ExtensibilityGlobals) = postSolution
		SolutionGuid = {9D050EB7-040F-4014-92BA-92A9AEB7BC6D}
	EndGlobalSection
EndGlobal
